
Microsoft Visual Studio Solution File, Format Version 12.00
# Visual Studio Version 16
VisualStudioVersion = 16.0.31321.278
MinimumVisualStudioVersion = 10.0.40219.1
Project("{9A19103F-16F7-4668-BE54-9A1E7A4F7556}") = "tahmin", "tahmin.csproj", "{ACCCAB4A-F351-440A-AB80-3F7BE4CB8C14}"
EndProject
Global
	GlobalSection(SolutionConfigurationPlatforms) = preSolution
		Debug|Any CPU = Debug|Any CPU
		Release|Any CPU = Release|Any CPU
	EndGlobalSection
	GlobalSection(ProjectConfigurationPlatforms) = postSolution
		{ACCCAB4A-F351-440A-AB80-3F7BE4CB8C14}.Debug|Any CPU.ActiveCfg = Debug|Any CPU
		{ACCCAB4A-F351-440A-AB80-3F7BE4CB8C14}.Debug|Any CPU.Build.0 = Debug|Any CPU
		{ACCCAB4A-F351-440A-AB80-3F7BE4CB8C14}.Release|Any CPU.ActiveCfg = Release|Any CPU
		{ACCCAB4A-F351-440A-AB80-3F7BE4CB8C14}.Release|Any CPU.Build.0 = Release|Any CPU
	EndGlobalSection
	GlobalSection(SolutionProperties) = preSolution
		HideSolutionNode = FALSE
	EndGlobalSection
	GlobalSection(ExtensibilityGlobals) = postSolution
		SolutionGuid = {B4447685-6D69-444F-94C8-8537E39EE169}
	EndGlobalSection
EndGlobal
